
Microsoft Visual Studio Solution File, Format Version 12.00
# Visual Studio 2012
Project("{FAE04EC0-301F-11D3-BF4B-00C04F79EFBC}") = "Encrypt", "Encrypt\Encrypt.csproj", "{E9CF010C-B11F-4F51-8CBB-7792FDF34C4C}"
EndProject
Project("{FAE04EC0-301F-11D3-BF4B-00C04F79EFBC}") = "MyFirstTest", "MyFirstTest\MyFirstTest.csproj", "{D52A49E2-F349-415F-9F68-9B0A57A2E725}"
EndProject
Project("{2150E333-8FDC-42A3-9474-1A3956D46DE8}") = "Solution Items", "Solution Items", "{8401BDB9-E86D-46D7-92A3-6C0B68647052}"
	ProjectSection(SolutionItems) = preProject
		My.MSBuild = My.MSBuild
	EndProjectSection
EndProject
Global
	GlobalSection(SolutionConfigurationPlatforms) = preSolution
		Debug|Any CPU = Debug|Any CPU
		Release|Any CPU = Release|Any CPU
	EndGlobalSection
	GlobalSection(ProjectConfigurationPlatforms) = postSolution
		{E9CF010C-B11F-4F51-8CBB-7792FDF34C4C}.Debug|Any CPU.ActiveCfg = Debug|Any CPU
		{E9CF010C-B11F-4F51-8CBB-7792FDF34C4C}.Debug|Any CPU.Build.0 = Debug|Any CPU
		{E9CF010C-B11F-4F51-8CBB-7792FDF34C4C}.Release|Any CPU.ActiveCfg = Release|Any CPU
		{E9CF010C-B11F-4F51-8CBB-7792FDF34C4C}.Release|Any CPU.Build.0 = Release|Any CPU
		{D52A49E2-F349-415F-9F68-9B0A57A2E725}.Debug|Any CPU.ActiveCfg = Debug|Any CPU
		{D52A49E2-F349-415F-9F68-9B0A57A2E725}.Debug|Any CPU.Build.0 = Debug|Any CPU
		{D52A49E2-F349-415F-9F68-9B0A57A2E725}.Release|Any CPU.ActiveCfg = Release|Any CPU
		{D52A49E2-F349-415F-9F68-9B0A57A2E725}.Release|Any CPU.Build.0 = Release|Any CPU
	EndGlobalSection
	GlobalSection(SolutionProperties) = preSolution
		HideSolutionNode = FALSE
	EndGlobalSection
EndGlobal
